
Microsoft Visual Studio Solution File, Format Version 12.00
# Visual Studio 15
VisualStudioVersion = 15.0.28307.645
MinimumVisualStudioVersion = 10.0.40219.1
Project("{FAE04EC0-301F-11D3-BF4B-00C04F79EFBC}") = "OnlineInvoiceSystem", "OnlineInvoiceSystem\OnlineInvoiceSystem.csproj", "{62B747C4-9E4D-44FA-82EB-E4D28C5D53B7}"
EndProject
Global
	GlobalSection(SolutionConfigurationPlatforms) = preSolution
		Debug|Any CPU = Debug|Any CPU
		Release|Any CPU = Release|Any CPU
	EndGlobalSection
	GlobalSection(ProjectConfigurationPlatforms) = postSolution
		{62B747C4-9E4D-44FA-82EB-E4D28C5D53B7}.Debug|Any CPU.ActiveCfg = Debug|Any CPU
		{62B747C4-9E4D-44FA-82EB-E4D28C5D53B7}.Debug|Any CPU.Build.0 = Debug|Any CPU
		{62B747C4-9E4D-44FA-82EB-E4D28C5D53B7}.Release|Any CPU.ActiveCfg = Release|Any CPU
		{62B747C4-9E4D-44FA-82EB-E4D28C5D53B7}.Release|Any CPU.Build.0 = Release|Any CPU
	EndGlobalSection
	GlobalSection(SolutionProperties) = preSolution
		HideSolutionNode = FALSE
	EndGlobalSection
	GlobalSection(ExtensibilityGlobals) = postSolution
		SolutionGuid = {20FB9F14-4B5D-4A65-AA02-F0B9A73E68D6}
	EndGlobalSection
EndGlobal
